# This file is generated by running "yarn install" inside your project.
# Manual changes might be lost - proceed with caution!

__metadata:
  version: 9
  cacheKey: 10c0

"fixture@workspace:.":
  version: 0.0.0-use.local
  resolution: "fixture@workspace:."
  dependencies:
    lodash.kebabcase: "npm:4.1.1"
  languageName: unknown
  linkType: soft

"lodash.kebabcase@npm:4.1.1":
  version: 4.1.1
  resolution: "lodash.kebabcase@npm:4.1.1"
  checksum: 10c0/da5d8f41dbb5bc723d4bf9203d5096ca8da804d6aec3d2b56457156ba6c8d999ff448d347ebd97490da853cb36696ea4da09a431499f1ee8deb17b094ecf4e33
  languageName: node
  linkType: hard
