lockfileVersion: '9.0'

settings:
  autoInstallPeers: true
  excludeLinksFromLockfile: false

importers:

  .:
    dependencies:
      my-lodash:
        specifier: npm:lodash.kebabcase@4.1.1
        version: lodash.kebabcase@4.1.1

packages:

  lodash.kebabcase@4.1.1:
    resolution: {integrity: sha512-N8XRTIMMqqDgSy4VLKPnJ/+hpGZN+PHQiJnSenYqPaVV/NCqEogTnAdZLQiGKhxX+JCs8waWq2t1XHWKOmlY8g==}

snapshots:

  lodash.kebabcase@4.1.1: {}
