# This file is generated by running "yarn install" inside your project.
# Manual changes might be lost - proceed with caution!

__metadata:
  version: 9
  cacheKey: 10c0

"fixture@workspace:.":
  version: 0.0.0-use.local
  resolution: "fixture@workspace:."
  dependencies:
    is-number: "npm:7.0.0"
    lodash.kebabcase: "npm:4.1.1"
  languageName: unknown
  linkType: soft

"is-number@npm:7.0.0":
  version: 7.0.0
  resolution: "is-number@npm:7.0.0"
  checksum: 10c0/b4686d0d3053146095ccd45346461bc8e53b80aeb7671cc52a4de02dbbf7dc0d1d2a986e2fe4ae206984b4d34ef37e8b795ebc4f4295c978373e6575e295d811
  languageName: node
  linkType: hard

"lodash.kebabcase@npm:4.1.1":
  version: 4.1.1
  resolution: "lodash.kebabcase@npm:4.1.1"
  checksum: 10c0/da5d8f41dbb5bc723d4bf9203d5096ca8da804d6aec3d2b56457156ba6c8d999ff448d347ebd97490da853cb36696ea4da09a431499f1ee8deb17b094ecf4e33
  languageName: node
  linkType: hard
